// !$*UTF8*$!
{
	archiveVersion = 1;
	classes = {
	};
	objectVersion = 46;
	objects = {

/* Begin PBXBuildFile section */
		855E23B2195AD2CA00CE7A1E /* main.m in Sources */ = {isa = PBXBuildFile; fileRef = 855E23B1195AD2CA00CE7A1E /* main.m */; };
		855E23B5195AD2CA00CE7A1E /* AppDelegate.m in Sources */ = {isa = PBXBuildFile; fileRef = 855E23B4195AD2CA00CE7A1E /* AppDelegate.m */; };
		855E23B8195AD2CA00CE7A1E /* ViewController.m in Sources */ = {isa = PBXBuildFile; fileRef = 855E23B7195AD2CA00CE7A1E /* ViewController.m */; };
		855E23BB195AD2CA00CE7A1E /* Main.storyboard in Resources */ = {isa = PBXBuildFile; fileRef = 855E23B9195AD2CA00CE7A1E /* Main.storyboard */; };
		855E23BD195AD2CA00CE7A1E /* Images.xcassets in Resources */ = {isa = PBXBuildFile; fileRef = 855E23BC195AD2CA00CE7A1E /* Images.xcassets */; };
		855E23C9195AD2CA00CE7A1E /* MACalendarTests.m in Sources */ = {isa = PBXBuildFile; fileRef = 855E23C8195AD2CA00CE7A1E /* MACalendarTests.m */; };
		85C1991F195B9DB20055F0ED /* MACalendarDay.m in Sources */ = {isa = PBXBuildFile; fileRef = 85C1991C195B9DB20055F0ED /* MACalendarDay.m */; };
		85C19920195B9DB20055F0ED /* MACalendarMonth.m in Sources */ = {isa = PBXBuildFile; fileRef = 85C1991E195B9DB20055F0ED /* MACalendarMonth.m */; };
/* End PBXBuildFile section */

/* Begin PBXContainerItemProxy section */
		855E23C3195AD2CA00CE7A1E /* PBXContainerItemProxy */ = {
			isa = PBXContainerItemProxy;
			containerPortal = 855E23A4195AD2CA00CE7A1E /* Project object */;
			proxyType = 1;
			remoteGlobalIDString = 855E23AB195AD2CA00CE7A1E;
			remoteInfo = MACalendar;
		};
/* End PBXContainerItemProxy section */

/* Begin PBXFileReference section */
		855E23AC195AD2CA00CE7A1E /* MACalendar.app */ = {isa = PBXFileReference; explicitFileType = wrapper.application; includeInIndex = 0; path = MACalendar.app; sourceTree = BUILT_PRODUCTS_DIR; };
		855E23B0195AD2CA00CE7A1E /* Info.plist */ = {isa = PBXFileReference; lastKnownFileType = text.plist.xml; path = Info.plist; sourceTree = "<group>"; };
		855E23B1195AD2CA00CE7A1E /* main.m */ = {isa = PBXFileReference; lastKnownFileType = sourcecode.c.objc; path = main.m; sourceTree = "<group>"; };
		855E23B3195AD2CA00CE7A1E /* AppDelegate.h */ = {isa = PBXFileReference; lastKnownFileType = sourcecode.c.h; path = AppDelegate.h; sourceTree = "<group>"; };
		855E23B4195AD2CA00CE7A1E /* AppDelegate.m */ = {isa = PBXFileReference; lastKnownFileType = sourcecode.c.objc; path = AppDelegate.m; sourceTree = "<group>"; };
		855E23B6195AD2CA00CE7A1E /* ViewController.h */ = {isa = PBXFileReference; lastKnownFileType = sourcecode.c.h; path = ViewController.h; sourceTree = "<group>"; };
		855E23B7195AD2CA00CE7A1E /* ViewController.m */ = {isa = PBXFileReference; lastKnownFileType = sourcecode.c.objc; path = ViewController.m; sourceTree = "<group>"; };
		855E23BA195AD2CA00CE7A1E /* Base */ = {isa = PBXFileReference; lastKnownFileType = file.storyboard; name = Base; path = Base.lproj/Main.storyboard; sourceTree = "<group>"; };
		855E23BC195AD2CA00CE7A1E /* Images.xcassets */ = {isa = PBXFileReference; lastKnownFileType = folder.assetcatalog; path = Images.xcassets; sourceTree = "<group>"; };
		855E23C2195AD2CA00CE7A1E /* MACalendarTests.xctest */ = {isa = PBXFileReference; explicitFileType = wrapper.cfbundle; includeInIndex = 0; path = MACalendarTests.xctest; sourceTree = BUILT_PRODUCTS_DIR; };
		855E23C7195AD2CA00CE7A1E /* Info.plist */ = {isa = PBXFileReference; lastKnownFileType = text.plist.xml; path = Info.plist; sourceTree = "<group>"; };
		855E23C8195AD2CA00CE7A1E /* MACalendarTests.m */ = {isa = PBXFileReference; lastKnownFileType = sourcecode.c.objc; path = MACalendarTests.m; sourceTree = "<group>"; };
		85C1991B195B9DB20055F0ED /* MACalendarDay.h */ = {isa = PBXFileReference; fileEncoding = 4; lastKnownFileType = sourcecode.c.h; path = MACalendarDay.h; sourceTree = "<group>"; };
		85C1991C195B9DB20055F0ED /* MACalendarDay.m */ = {isa = PBXFileReference; fileEncoding = 4; lastKnownFileType = sourcecode.c.objc; path = MACalendarDay.m; sourceTree = "<group>"; };
		85C1991D195B9DB20055F0ED /* MACalendarMonth.h */ = {isa = PBXFileReference; fileEncoding = 4; lastKnownFileType = sourcecode.c.h; path = MACalendarMonth.h; sourceTree = "<group>"; };
		85C1991E195B9DB20055F0ED /* MACalendarMonth.m */ = {isa = PBXFileReference; fileEncoding = 4; lastKnownFileType = sourcecode.c.objc; path = MACalendarMonth.m; sourceTree = "<group>"; };
/* End PBXFileReference section */

/* Begin PBXFrameworksBuildPhase section */
		855E23A9195AD2CA00CE7A1E /* Frameworks */ = {
			isa = PBXFrameworksBuildPhase;
			buildActionMask = 2147483647;
			files = (
			);
			runOnlyForDeploymentPostprocessing = 0;
		};
		855E23BF195AD2CA00CE7A1E /* Frameworks */ = {
			isa = PBXFrameworksBuildPhase;
			buildActionMask = 2147483647;
			files = (
			);
			runOnlyForDeploymentPostprocessing = 0;
		};
/* End PBXFrameworksBuildPhase section */

/* Begin PBXGroup section */
		855E23A3195AD2CA00CE7A1E = {
			isa = PBXGroup;
			children = (
				855E23AE195AD2CA00CE7A1E /* MACalendar */,
				855E23C5195AD2CA00CE7A1E /* MACalendarTests */,
				855E23AD195AD2CA00CE7A1E /* Products */,
			);
			sourceTree = "<group>";
		};
		855E23AD195AD2CA00CE7A1E /* Products */ = {
			isa = PBXGroup;
			children = (
				855E23AC195AD2CA00CE7A1E /* MACalendar.app */,
				855E23C2195AD2CA00CE7A1E /* MACalendarTests.xctest */,
			);
			name = Products;
			sourceTree = "<group>";
		};
		855E23AE195AD2CA00CE7A1E /* MACalendar */ = {
			isa = PBXGroup;
			children = (
				85C1991A195B9DB20055F0ED /* MACalendar */,
				855E23B3195AD2CA00CE7A1E /* AppDelegate.h */,
				855E23B4195AD2CA00CE7A1E /* AppDelegate.m */,
				855E23B6195AD2CA00CE7A1E /* ViewController.h */,
				855E23B7195AD2CA00CE7A1E /* ViewController.m */,
				855E23B9195AD2CA00CE7A1E /* Main.storyboard */,
				855E23BC195AD2CA00CE7A1E /* Images.xcassets */,
				855E23AF195AD2CA00CE7A1E /* Supporting Files */,
			);
			path = MACalendar;
			sourceTree = "<group>";
		};
		855E23AF195AD2CA00CE7A1E /* Supporting Files */ = {
			isa = PBXGroup;
			children = (
				855E23B0195AD2CA00CE7A1E /* Info.plist */,
				855E23B1195AD2CA00CE7A1E /* main.m */,
			);
			name = "Supporting Files";
			sourceTree = "<group>";
		};
		855E23C5195AD2CA00CE7A1E /* MACalendarTests */ = {
			isa = PBXGroup;
			children = (
				855E23C8195AD2CA00CE7A1E /* MACalendarTests.m */,
				855E23C6195AD2CA00CE7A1E /* Supporting Files */,
			);
			path = MACalendarTests;
			sourceTree = "<group>";
		};
		855E23C6195AD2CA00CE7A1E /* Supporting Files */ = {
			isa = PBXGroup;
			children = (
				855E23C7195AD2CA00CE7A1E /* Info.plist */,
			);
			name = "Supporting Files";
			sourceTree = "<group>";
		};
		85C1991A195B9DB20055F0ED /* MACalendar */ = {
			isa = PBXGroup;
			children = (
				85C1991B195B9DB20055F0ED /* MACalendarDay.h */,
				85C1991C195B9DB20055F0ED /* MACalendarDay.m */,
				85C1991D195B9DB20055F0ED /* MACalendarMonth.h */,
				85C1991E195B9DB20055F0ED /* MACalendarMonth.m */,
			);
			name = MACalendar;
			path = ../../MACalendar;
			sourceTree = "<group>";
		};
/* End PBXGroup section */

/* Begin PBXNativeTarget section */
		855E23AB195AD2CA00CE7A1E /* MACalendar */ = {
			isa = PBXNativeTarget;
			buildConfigurationList = 855E23CC195AD2CA00CE7A1E /* Build configuration list for PBXNativeTarget "MACalendar" */;
			buildPhases = (
				855E23A8195AD2CA00CE7A1E /* Sources */,
				855E23A9195AD2CA00CE7A1E /* Frameworks */,
				855E23AA195AD2CA00CE7A1E /* Resources */,
			);
			buildRules = (
			);
			dependencies = (
			);
			name = MACalendar;
			productName = MACalendar;
			productReference = 855E23AC195AD2CA00CE7A1E /* MACalendar.app */;
			productType = "com.apple.product-type.application";
		};
		855E23C1195AD2CA00CE7A1E /* MACalendarTests */ = {
			isa = PBXNativeTarget;
			buildConfigurationList = 855E23CF195AD2CA00CE7A1E /* Build configuration list for PBXNativeTarget "MACalendarTests" */;
			buildPhases = (
				855E23BE195AD2CA00CE7A1E /* Sources */,
				855E23BF195AD2CA00CE7A1E /* Frameworks */,
				855E23C0195AD2CA00CE7A1E /* Resources */,
			);
			buildRules = (
			);
			dependencies = (
				855E23C4195AD2CA00CE7A1E /* PBXTargetDependency */,
			);
			name = MACalendarTests;
			productName = MACalendarTests;
			productReference = 855E23C2195AD2CA00CE7A1E /* MACalendarTests.xctest */;
			productType = "com.apple.product-type.bundle.unit-test";
		};
/* End PBXNativeTarget section */

/* Begin PBXProject section */
		855E23A4195AD2CA00CE7A1E /* Project object */ = {
			isa = PBXProject;
			attributes = {
				LastUpgradeCheck = 0600;
				ORGANIZATIONNAME = madapper;
				TargetAttributes = {
					855E23AB195AD2CA00CE7A1E = {
						CreatedOnToolsVersion = 6.0;
					};
					855E23C1195AD2CA00CE7A1E = {
						CreatedOnToolsVersion = 6.0;
						TestTargetID = 855E23AB195AD2CA00CE7A1E;
					};
				};
			};
			buildConfigurationList = 855E23A7195AD2CA00CE7A1E /* Build configuration list for PBXProject "MACalendar" */;
			compatibilityVersion = "Xcode 3.2";
			developmentRegion = English;
			hasScannedForEncodings = 0;
			knownRegions = (
				en,
				Base,
			);
			mainGroup = 855E23A3195AD2CA00CE7A1E;
			productRefGroup = 855E23AD195AD2CA00CE7A1E /* Products */;
			projectDirPath = "";
			projectRoot = "";
			targets = (
				855E23AB195AD2CA00CE7A1E /* MACalendar */,
				855E23C1195AD2CA00CE7A1E /* MACalendarTests */,
			);
		};
/* End PBXProject section */

/* Begin PBXResourcesBuildPhase section */
		855E23AA195AD2CA00CE7A1E /* Resources */ = {
			isa = PBXResourcesBuildPhase;
			buildActionMask = 2147483647;
			files = (
				855E23BB195AD2CA00CE7A1E /* Main.storyboard in Resources */,
				855E23BD195AD2CA00CE7A1E /* Images.xcassets in Resources */,
			);
			runOnlyForDeploymentPostprocessing = 0;
		};
		855E23C0195AD2CA00CE7A1E /* Resources */ = {
			isa = PBXResourcesBuildPhase;
			buildActionMask = 2147483647;
			files = (
			);
			runOnlyForDeploymentPostprocessing = 0;
		};
/* End PBXResourcesBuildPhase section */

/* Begin PBXSourcesBuildPhase section */
		855E23A8195AD2CA00CE7A1E /* Sources */ = {
			isa = PBXSourcesBuildPhase;
			buildActionMask = 2147483647;
			files = (
				85C1991F195B9DB20055F0ED /* MACalendarDay.m in Sources */,
				855E23B8195AD2CA00CE7A1E /* ViewController.m in Sources */,
				855E23B5195AD2CA00CE7A1E /* AppDelegate.m in Sources */,
				855E23B2195AD2CA00CE7A1E /* main.m in Sources */,
				85C19920195B9DB20055F0ED /* MACalendarMonth.m in Sources */,
			);
			runOnlyForDeploymentPostprocessing = 0;
		};
		855E23BE195AD2CA00CE7A1E /* Sources */ = {
			isa = PBXSourcesBuildPhase;
			buildActionMask = 2147483647;
			files = (
				855E23C9195AD2CA00CE7A1E /* MACalendarTests.m in Sources */,
			);
			runOnlyForDeploymentPostprocessing = 0;
		};
/* End PBXSourcesBuildPhase section */

/* Begin PBXTargetDependency section */
		855E23C4195AD2CA00CE7A1E /* PBXTargetDependency */ = {
			isa = PBXTargetDependency;
			target = 855E23AB195AD2CA00CE7A1E /* MACalendar */;
			targetProxy = 855E23C3195AD2CA00CE7A1E /* PBXContainerItemProxy */;
		};
/* End PBXTargetDependency section */

/* Begin PBXVariantGroup section */
		855E23B9195AD2CA00CE7A1E /* Main.storyboard */ = {
			isa = PBXVariantGroup;
			children = (
				855E23BA195AD2CA00CE7A1E /* Base */,
			);
			name = Main.storyboard;
			sourceTree = "<group>";
		};
/* End PBXVariantGroup section */

/* Begin XCBuildConfiguration section */
		855E23CA195AD2CA00CE7A1E /* Debug */ = {
			isa = XCBuildConfiguration;
			buildSettings = {
				ALWAYS_SEARCH_USER_PATHS = NO;
				CLANG_CXX_LANGUAGE_STANDARD = "gnu++0x";
				CLANG_CXX_LIBRARY = "libc++";
				CLANG_ENABLE_MODULES = YES;
				CLANG_ENABLE_OBJC_ARC = YES;
				CLANG_WARN_BOOL_CONVERSION = YES;
				CLANG_WARN_CONSTANT_CONVERSION = YES;
				CLANG_WARN_DIRECT_OBJC_ISA_USAGE = YES_ERROR;
				CLANG_WARN_EMPTY_BODY = YES;
				CLANG_WARN_ENUM_CONVERSION = YES;
				CLANG_WARN_INT_CONVERSION = YES;
				CLANG_WARN_OBJC_ROOT_CLASS = YES_ERROR;
				CLANG_WARN_UNREACHABLE_CODE = YES;
				CLANG_WARN__DUPLICATE_METHOD_MATCH = YES;
				"CODE_SIGN_IDENTITY[sdk=iphoneos*]" = "iPhone Developer";
				COPY_PHASE_STRIP = NO;
				ENABLE_STRICT_OBJC_MSGSEND = YES;
				GCC_C_LANGUAGE_STANDARD = gnu99;
				GCC_DYNAMIC_NO_PIC = NO;
				GCC_OPTIMIZATION_LEVEL = 0;
				GCC_PREPROCESSOR_DEFINITIONS = (
					"DEBUG=1",
					"$(inherited)",
				);
				GCC_SYMBOLS_PRIVATE_EXTERN = NO;
				GCC_WARN_64_TO_32_BIT_CONVERSION = YES;
				GCC_WARN_ABOUT_RETURN_TYPE = YES_ERROR;
				GCC_WARN_UNDECLARED_SELECTOR = YES;
				GCC_WARN_UNINITIALIZED_AUTOS = YES_AGGRESSIVE;
				GCC_WARN_UNUSED_FUNCTION = YES;
				GCC_WARN_UNUSED_VARIABLE = YES;
				IPHONEOS_DEPLOYMENT_TARGET = 8.0;
				METAL_ENABLE_DEBUG_INFO = YES;
				ONLY_ACTIVE_ARCH = YES;
				SDKROOT = iphoneos;
			};
			name = Debug;
		};
		855E23CB195AD2CA00CE7A1E /* Release */ = {
			isa = XCBuildConfiguration;
			buildSettings = {
				ALWAYS_SEARCH_USER_PATHS = NO;
				CLANG_CXX_LANGUAGE_STANDARD = "gnu++0x";
				CLANG_CXX_LIBRARY = "libc++";
				CLANG_ENABLE_MODULES = YES;
				CLANG_ENABLE_OBJC_ARC = YES;
				CLANG_WARN_BOOL_CONVERSION = YES;
				CLANG_WARN_CONSTANT_CONVERSION = YES;
				CLANG_WARN_DIRECT_OBJC_ISA_USAGE = YES_ERROR;
				CLANG_WARN_EMPTY_BODY = YES;
				CLANG_WARN_ENUM_CONVERSION = YES;
				CLANG_WARN_INT_CONVERSION = YES;
				CLANG_WARN_OBJC_ROOT_CLASS = YES_ERROR;
				CLANG_WARN_UNREACHABLE_CODE = YES;
				CLANG_WARN__DUPLICATE_METHOD_MATCH = YES;
				"CODE_SIGN_IDENTITY[sdk=iphoneos*]" = "iPhone Developer";
				COPY_PHASE_STRIP = YES;
				ENABLE_NS_ASSERTIONS = NO;
				ENABLE_STRICT_OBJC_MSGSEND = YES;
				GCC_C_LANGUAGE_STANDARD = gnu99;
				GCC_WARN_64_TO_32_BIT_CONVERSION = YES;
				GCC_WARN_ABOUT_RETURN_TYPE = YES_ERROR;
				GCC_WARN_UNDECLARED_SELECTOR = YES;
				GCC_WARN_UNINITIALIZED_AUTOS = YES_AGGRESSIVE;
				GCC_WARN_UNUSED_FUNCTION = YES;
				GCC_WARN_UNUSED_VARIABLE = YES;
				IPHONEOS_DEPLOYMENT_TARGET = 8.0;
				METAL_ENABLE_DEBUG_INFO = NO;
				SDKROOT = iphoneos;
				VALIDATE_PRODUCT = YES;
			};
			name = Release;
		};
		855E23CD195AD2CA00CE7A1E /* Debug */ = {
			isa = XCBuildConfiguration;
			buildSettings = {
				ASSETCATALOG_COMPILER_APPICON_NAME = AppIcon;
				ASSETCATALOG_COMPILER_LAUNCHIMAGE_NAME = LaunchImage;
				INFOPLIST_FILE = MACalendar/Info.plist;
				LD_RUNPATH_SEARCH_PATHS = "$(inherited) @executable_path/Frameworks";
				PRODUCT_NAME = "$(TARGET_NAME)";
			};
			name = Debug;
		};
		855E23CE195AD2CA00CE7A1E /* Release */ = {
			isa = XCBuildConfiguration;
			buildSettings = {
				ASSETCATALOG_COMPILER_APPICON_NAME = AppIcon;
				ASSETCATALOG_COMPILER_LAUNCHIMAGE_NAME = LaunchImage;
				INFOPLIST_FILE = MACalendar/Info.plist;
				LD_RUNPATH_SEARCH_PATHS = "$(inherited) @executable_path/Frameworks";
				PRODUCT_NAME = "$(TARGET_NAME)";
			};
			name = Release;
		};
		855E23D0195AD2CA00CE7A1E /* Debug */ = {
			isa = XCBuildConfiguration;
			buildSettings = {
				BUNDLE_LOADER = "$(BUILT_PRODUCTS_DIR)/MACalendar.app/MACalendar";
				FRAMEWORK_SEARCH_PATHS = (
					"$(SDKROOT)/Developer/Library/Frameworks",
					"$(inherited)",
				);
				GCC_PREPROCESSOR_DEFINITIONS = (
					"DEBUG=1",
					"$(inherited)",
				);
				INFOPLIST_FILE = MACalendarTests/Info.plist;
				LD_RUNPATH_SEARCH_PATHS = "$(inherited) @executable_path/Frameworks @loader_path/Frameworks";
				METAL_ENABLE_DEBUG_INFO = YES;
				PRODUCT_NAME = "$(TARGET_NAME)";
				TEST_HOST = "$(BUNDLE_LOADER)";
			};
			name = Debug;
		};
		855E23D1195AD2CA00CE7A1E /* Release */ = {
			isa = XCBuildConfiguration;
			buildSettings = {
				BUNDLE_LOADER = "$(BUILT_PRODUCTS_DIR)/MACalendar.app/MACalendar";
				FRAMEWORK_SEARCH_PATHS = (
					"$(SDKROOT)/Developer/Library/Frameworks",
					"$(inherited)",
				);
				INFOPLIST_FILE = MACalendarTests/Info.plist;
				LD_RUNPATH_SEARCH_PATHS = "$(inherited) @executable_path/Frameworks @loader_path/Frameworks";
				METAL_ENABLE_DEBUG_INFO = NO;
				PRODUCT_NAME = "$(TARGET_NAME)";
				TEST_HOST = "$(BUNDLE_LOADER)";
			};
			name = Release;
		};
/* End XCBuildConfiguration section */

/* Begin XCConfigurationList section */
		855E23A7195AD2CA00CE7A1E /* Build configuration list for PBXProject "MACalendar" */ = {
			isa = XCConfigurationList;
			buildConfigurations = (
				855E23CA195AD2CA00CE7A1E /* Debug */,
				855E23CB195AD2CA00CE7A1E /* Release */,
			);
			defaultConfigurationIsVisible = 0;
			defaultConfigurationName = Release;
		};
		855E23CC195AD2CA00CE7A1E /* Build configuration list for PBXNativeTarget "MACalendar" */ = {
			isa = XCConfigurationList;
			buildConfigurations = (
				855E23CD195AD2CA00CE7A1E /* Debug */,
				855E23CE195AD2CA00CE7A1E /* Release */,
			);
			defaultConfigurationIsVisible = 0;
			defaultConfigurationName = Release;
		};
		855E23CF195AD2CA00CE7A1E /* Build configuration list for PBXNativeTarget "MACalendarTests" */ = {
			isa = XCConfigurationList;
			buildConfigurations = (
				855E23D0195AD2CA00CE7A1E /* Debug */,
				855E23D1195AD2CA00CE7A1E /* Release */,
			);
			defaultConfigurationIsVisible = 0;
			defaultConfigurationName = Release;
		};
/* End XCConfigurationList section */
	};
	rootObject = 855E23A4195AD2CA00CE7A1E /* Project object */;
}
